
Microsoft Visual Studio Solution File, Format Version 12.00
# Visual Studio Version 17
VisualStudioVersion = 17.0.31903.59
MinimumVisualStudioVersion = 10.0.40219.1
Project("{2150E333-8FDC-42A3-9474-1A3956D46DE8}") = "src", "src", "{827E0CD3-B72D-47B6-A68D-7590B98EB39B}"
EndProject
Project("{FAE04EC0-301F-11D3-BF4B-00C04F79EFBC}") = "bashGPT.Core", "src\bashGPT.Core\bashGPT.Core.csproj", "{B3EF65AD-2707-41F3-964B-8A24F8B95F90}"
EndProject
Project("{FAE04EC0-301F-11D3-BF4B-00C04F79EFBC}") = "bashGPT.Agents", "src\bashGPT.Agents\bashGPT.Agents.csproj", "{A5D1C9F2-8D3E-4A6B-9C1F-7E8F4B2A3D5E}"
EndProject
Project("{FAE04EC0-301F-11D3-BF4B-00C04F79EFBC}") = "bashGPT.Cli", "src\bashGPT.Cli\bashGPT.Cli.csproj", "{CF14B9C3-F650-476A-8E0C-6CA2D1B326CE}"
EndProject
Project("{FAE04EC0-301F-11D3-BF4B-00C04F79EFBC}") = "bashGPT.Server", "src\bashGPT.Server\bashGPT.Server.csproj", "{0E9B833D-01E7-4580-A054-F96165205044}"
EndProject
Project("{2150E333-8FDC-42A3-9474-1A3956D46DE8}") = "tests", "tests", "{0AB3BF05-4346-4AA6-1389-037BE0695223}"
EndProject
Project("{FAE04EC0-301F-11D3-BF4B-00C04F79EFBC}") = "bashGPT.Core.Tests", "tests\bashGPT.Core.Tests\bashGPT.Core.Tests.csproj", "{71D1232F-BFC8-4954-8811-D4242349C19D}"
EndProject
Project("{FAE04EC0-301F-11D3-BF4B-00C04F79EFBC}") = "bashGPT.Agents.Tests", "tests\bashGPT.Agents.Tests\bashGPT.Agents.Tests.csproj", "{B7F2D4E1-9A3C-4F8B-8E7D-6C5B4A3F2E1D}"
EndProject
Project("{FAE04EC0-301F-11D3-BF4B-00C04F79EFBC}") = "bashGPT.Cli.Tests", "tests\bashGPT.Cli.Tests\bashGPT.Cli.Tests.csproj", "{223A2984-3D68-4EDA-A730-662B877E00D5}"
EndProject
Project("{FAE04EC0-301F-11D3-BF4B-00C04F79EFBC}") = "bashGPT.Server.Tests", "tests\bashGPT.Server.Tests\bashGPT.Server.Tests.csproj", "{81754111-C528-493E-BF13-B82C1C318CA3}"
EndProject
Project("{FAE04EC0-301F-11D3-BF4B-00C04F79EFBC}") = "bashGPT.Tools", "src\bashGPT.Tools\bashGPT.Tools.csproj", "{E2114861-83A3-4838-8E36-1428C1B01A92}"
EndProject
Project("{FAE04EC0-301F-11D3-BF4B-00C04F79EFBC}") = "bashGPT.Tools.Tests", "tests\bashGPT.Tools.Tests\bashGPT.Tools.Tests.csproj", "{1E81591F-841E-4CE3-8FA0-542E46CEC9C5}"
EndProject
Project("{FAE04EC0-301F-11D3-BF4B-00C04F79EFBC}") = "bashGPT.Tools.Shell", "src\bashGPT.Tools.Shell\bashGPT.Tools.Shell.csproj", "{C6E984B1-ABBE-4CE9-AD7E-7DB9B39E6773}"
EndProject
Project("{FAE04EC0-301F-11D3-BF4B-00C04F79EFBC}") = "bashGPT.Tools.Shell.Tests", "tests\bashGPT.Tools.Shell.Tests\bashGPT.Tools.Shell.Tests.csproj", "{19619551-95E8-4FE9-92F8-1E2B1DB3CA32}"
EndProject
Project("{FAE04EC0-301F-11D3-BF4B-00C04F79EFBC}") = "bashGPT.Tools.Fetch", "src\bashGPT.Tools.Fetch\bashGPT.Tools.Fetch.csproj", "{6661D51D-7702-49CB-9C4E-BCBA5A3937BE}"
EndProject
Project("{FAE04EC0-301F-11D3-BF4B-00C04F79EFBC}") = "bashGPT.Tools.Fetch.Tests", "tests\bashGPT.Tools.Fetch.Tests\bashGPT.Tools.Fetch.Tests.csproj", "{C1F0FE48-3EE2-4C0F-9007-9AE863DE07C0}"
EndProject
Project("{FAE04EC0-301F-11D3-BF4B-00C04F79EFBC}") = "bashGPT.Tools.Filesystem", "src\bashGPT.Tools.Filesystem\bashGPT.Tools.Filesystem.csproj", "{31E6EE10-7D51-4A18-8BB3-18075C80EAAE}"
EndProject
Project("{FAE04EC0-301F-11D3-BF4B-00C04F79EFBC}") = "bashGPT.Tools.Filesystem.Tests", "tests\bashGPT.Tools.Filesystem.Tests\bashGPT.Tools.Filesystem.Tests.csproj", "{96A12366-59E8-4D34-8C01-80809208BED9}"
EndProject
Project("{FAE04EC0-301F-11D3-BF4B-00C04F79EFBC}") = "bashGPT.Tools.Git", "src\bashGPT.Tools.Git\bashGPT.Tools.Git.csproj", "{3CC7B026-3FE3-4783-A107-62248EC4E4E8}"
EndProject
Project("{FAE04EC0-301F-11D3-BF4B-00C04F79EFBC}") = "bashGPT.Tools.Git.Tests", "tests\bashGPT.Tools.Git.Tests\bashGPT.Tools.Git.Tests.csproj", "{EB00B69F-7E23-4E2A-9D3C-FDE82AE725C4}"
EndProject
Project("{FAE04EC0-301F-11D3-BF4B-00C04F79EFBC}") = "bashGPT.Tools.Testing", "src\bashGPT.Tools.Testing\bashGPT.Tools.Testing.csproj", "{EE9AA89C-C541-4B9E-8EC2-50ABEB25D268}"
EndProject
Project("{FAE04EC0-301F-11D3-BF4B-00C04F79EFBC}") = "bashGPT.Tools.Testing.Tests", "tests\bashGPT.Tools.Testing.Tests\bashGPT.Tools.Testing.Tests.csproj", "{CD6595F9-F0AB-4C16-A3A9-29D178FFC06A}"
EndProject
Project("{FAE04EC0-301F-11D3-BF4B-00C04F79EFBC}") = "bashGPT.Tools.Build", "src\bashGPT.Tools.Build\bashGPT.Tools.Build.csproj", "{E427775D-F04F-4314-9771-2FE435DF530C}"
EndProject
Project("{FAE04EC0-301F-11D3-BF4B-00C04F79EFBC}") = "bashGPT.Tools.Build.Tests", "tests\bashGPT.Tools.Build.Tests\bashGPT.Tools.Build.Tests.csproj", "{BEBB336B-A378-428D-9669-54590F17B2A7}"
EndProject
Project("{FAE04EC0-301F-11D3-BF4B-00C04F79EFBC}") = "bashGPT.Agents.Dev", "src\bashGPT.Agents.Dev\bashGPT.Agents.Dev.csproj", "{6EF29448-80EA-4AF9-8071-6E6FF61DF538}"
EndProject
Project("{FAE04EC0-301F-11D3-BF4B-00C04F79EFBC}") = "bashGPT.Agents.Shell", "src\bashGPT.Agents.Shell\bashGPT.Agents.Shell.csproj", "{68F80A15-A193-40E1-946E-74035B9EBB29}"
EndProject
Global
	GlobalSection(SolutionConfigurationPlatforms) = preSolution
		Debug|Any CPU = Debug|Any CPU
		Debug|x64 = Debug|x64
		Debug|x86 = Debug|x86
		Release|Any CPU = Release|Any CPU
		Release|x64 = Release|x64
		Release|x86 = Release|x86
	EndGlobalSection
	GlobalSection(ProjectConfigurationPlatforms) = postSolution
		{B3EF65AD-2707-41F3-964B-8A24F8B95F90}.Debug|Any CPU.ActiveCfg = Debug|Any CPU
		{B3EF65AD-2707-41F3-964B-8A24F8B95F90}.Debug|Any CPU.Build.0 = Debug|Any CPU
		{B3EF65AD-2707-41F3-964B-8A24F8B95F90}.Debug|x64.ActiveCfg = Debug|Any CPU
		{B3EF65AD-2707-41F3-964B-8A24F8B95F90}.Debug|x64.Build.0 = Debug|Any CPU
		{B3EF65AD-2707-41F3-964B-8A24F8B95F90}.Debug|x86.ActiveCfg = Debug|Any CPU
		{B3EF65AD-2707-41F3-964B-8A24F8B95F90}.Debug|x86.Build.0 = Debug|Any CPU
		{B3EF65AD-2707-41F3-964B-8A24F8B95F90}.Release|Any CPU.ActiveCfg = Release|Any CPU
		{B3EF65AD-2707-41F3-964B-8A24F8B95F90}.Release|Any CPU.Build.0 = Release|Any CPU
		{B3EF65AD-2707-41F3-964B-8A24F8B95F90}.Release|x64.ActiveCfg = Release|Any CPU
		{B3EF65AD-2707-41F3-964B-8A24F8B95F90}.Release|x64.Build.0 = Release|Any CPU
		{B3EF65AD-2707-41F3-964B-8A24F8B95F90}.Release|x86.ActiveCfg = Release|Any CPU
		{B3EF65AD-2707-41F3-964B-8A24F8B95F90}.Release|x86.Build.0 = Release|Any CPU
		{CF14B9C3-F650-476A-8E0C-6CA2D1B326CE}.Debug|Any CPU.ActiveCfg = Debug|Any CPU
		{CF14B9C3-F650-476A-8E0C-6CA2D1B326CE}.Debug|Any CPU.Build.0 = Debug|Any CPU
		{CF14B9C3-F650-476A-8E0C-6CA2D1B326CE}.Debug|x64.ActiveCfg = Debug|Any CPU
		{CF14B9C3-F650-476A-8E0C-6CA2D1B326CE}.Debug|x64.Build.0 = Debug|Any CPU
		{CF14B9C3-F650-476A-8E0C-6CA2D1B326CE}.Debug|x86.ActiveCfg = Debug|Any CPU
		{CF14B9C3-F650-476A-8E0C-6CA2D1B326CE}.Debug|x86.Build.0 = Debug|Any CPU
		{CF14B9C3-F650-476A-8E0C-6CA2D1B326CE}.Release|Any CPU.ActiveCfg = Release|Any CPU
		{CF14B9C3-F650-476A-8E0C-6CA2D1B326CE}.Release|Any CPU.Build.0 = Release|Any CPU
		{CF14B9C3-F650-476A-8E0C-6CA2D1B326CE}.Release|x64.ActiveCfg = Release|Any CPU
		{CF14B9C3-F650-476A-8E0C-6CA2D1B326CE}.Release|x64.Build.0 = Release|Any CPU
		{CF14B9C3-F650-476A-8E0C-6CA2D1B326CE}.Release|x86.ActiveCfg = Release|Any CPU
		{CF14B9C3-F650-476A-8E0C-6CA2D1B326CE}.Release|x86.Build.0 = Release|Any CPU
		{0E9B833D-01E7-4580-A054-F96165205044}.Debug|Any CPU.ActiveCfg = Debug|Any CPU
		{0E9B833D-01E7-4580-A054-F96165205044}.Debug|Any CPU.Build.0 = Debug|Any CPU
		{0E9B833D-01E7-4580-A054-F96165205044}.Debug|x64.ActiveCfg = Debug|Any CPU
		{0E9B833D-01E7-4580-A054-F96165205044}.Debug|x64.Build.0 = Debug|Any CPU
		{0E9B833D-01E7-4580-A054-F96165205044}.Debug|x86.ActiveCfg = Debug|Any CPU
		{0E9B833D-01E7-4580-A054-F96165205044}.Debug|x86.Build.0 = Debug|Any CPU
		{0E9B833D-01E7-4580-A054-F96165205044}.Release|Any CPU.ActiveCfg = Release|Any CPU
		{0E9B833D-01E7-4580-A054-F96165205044}.Release|Any CPU.Build.0 = Release|Any CPU
		{0E9B833D-01E7-4580-A054-F96165205044}.Release|x64.ActiveCfg = Release|Any CPU
		{0E9B833D-01E7-4580-A054-F96165205044}.Release|x64.Build.0 = Release|Any CPU
		{0E9B833D-01E7-4580-A054-F96165205044}.Release|x86.ActiveCfg = Release|Any CPU
		{0E9B833D-01E7-4580-A054-F96165205044}.Release|x86.Build.0 = Release|Any CPU
		{A5D1C9F2-8D3E-4A6B-9C1F-7E8F4B2A3D5E}.Debug|Any CPU.ActiveCfg = Debug|Any CPU
		{A5D1C9F2-8D3E-4A6B-9C1F-7E8F4B2A3D5E}.Debug|Any CPU.Build.0 = Debug|Any CPU
		{A5D1C9F2-8D3E-4A6B-9C1F-7E8F4B2A3D5E}.Debug|x64.ActiveCfg = Debug|Any CPU
		{A5D1C9F2-8D3E-4A6B-9C1F-7E8F4B2A3D5E}.Debug|x64.Build.0 = Debug|Any CPU
		{A5D1C9F2-8D3E-4A6B-9C1F-7E8F4B2A3D5E}.Debug|x86.ActiveCfg = Debug|Any CPU
		{A5D1C9F2-8D3E-4A6B-9C1F-7E8F4B2A3D5E}.Debug|x86.Build.0 = Debug|Any CPU
		{A5D1C9F2-8D3E-4A6B-9C1F-7E8F4B2A3D5E}.Release|Any CPU.ActiveCfg = Release|Any CPU
		{A5D1C9F2-8D3E-4A6B-9C1F-7E8F4B2A3D5E}.Release|Any CPU.Build.0 = Release|Any CPU
		{A5D1C9F2-8D3E-4A6B-9C1F-7E8F4B2A3D5E}.Release|x64.ActiveCfg = Release|Any CPU
		{A5D1C9F2-8D3E-4A6B-9C1F-7E8F4B2A3D5E}.Release|x64.Build.0 = Release|Any CPU
		{A5D1C9F2-8D3E-4A6B-9C1F-7E8F4B2A3D5E}.Release|x86.ActiveCfg = Release|Any CPU
		{A5D1C9F2-8D3E-4A6B-9C1F-7E8F4B2A3D5E}.Release|x86.Build.0 = Release|Any CPU
		{B7F2D4E1-9A3C-4F8B-8E7D-6C5B4A3F2E1D}.Debug|Any CPU.ActiveCfg = Debug|Any CPU
		{B7F2D4E1-9A3C-4F8B-8E7D-6C5B4A3F2E1D}.Debug|Any CPU.Build.0 = Debug|Any CPU
		{B7F2D4E1-9A3C-4F8B-8E7D-6C5B4A3F2E1D}.Debug|x64.ActiveCfg = Debug|Any CPU
		{B7F2D4E1-9A3C-4F8B-8E7D-6C5B4A3F2E1D}.Debug|x64.Build.0 = Debug|Any CPU
		{B7F2D4E1-9A3C-4F8B-8E7D-6C5B4A3F2E1D}.Debug|x86.ActiveCfg = Debug|Any CPU
		{B7F2D4E1-9A3C-4F8B-8E7D-6C5B4A3F2E1D}.Debug|x86.Build.0 = Debug|Any CPU
		{B7F2D4E1-9A3C-4F8B-8E7D-6C5B4A3F2E1D}.Release|Any CPU.ActiveCfg = Release|Any CPU
		{B7F2D4E1-9A3C-4F8B-8E7D-6C5B4A3F2E1D}.Release|Any CPU.Build.0 = Release|Any CPU
		{B7F2D4E1-9A3C-4F8B-8E7D-6C5B4A3F2E1D}.Release|x64.ActiveCfg = Release|Any CPU
		{B7F2D4E1-9A3C-4F8B-8E7D-6C5B4A3F2E1D}.Release|x64.Build.0 = Release|Any CPU
		{B7F2D4E1-9A3C-4F8B-8E7D-6C5B4A3F2E1D}.Release|x86.ActiveCfg = Release|Any CPU
		{B7F2D4E1-9A3C-4F8B-8E7D-6C5B4A3F2E1D}.Release|x86.Build.0 = Release|Any CPU
		{71D1232F-BFC8-4954-8811-D4242349C19D}.Debug|Any CPU.ActiveCfg = Debug|Any CPU
		{71D1232F-BFC8-4954-8811-D4242349C19D}.Debug|Any CPU.Build.0 = Debug|Any CPU
		{71D1232F-BFC8-4954-8811-D4242349C19D}.Debug|x64.ActiveCfg = Debug|Any CPU
		{71D1232F-BFC8-4954-8811-D4242349C19D}.Debug|x64.Build.0 = Debug|Any CPU
		{71D1232F-BFC8-4954-8811-D4242349C19D}.Debug|x86.ActiveCfg = Debug|Any CPU
		{71D1232F-BFC8-4954-8811-D4242349C19D}.Debug|x86.Build.0 = Debug|Any CPU
		{71D1232F-BFC8-4954-8811-D4242349C19D}.Release|Any CPU.ActiveCfg = Release|Any CPU
		{71D1232F-BFC8-4954-8811-D4242349C19D}.Release|Any CPU.Build.0 = Release|Any CPU
		{71D1232F-BFC8-4954-8811-D4242349C19D}.Release|x64.ActiveCfg = Release|Any CPU
		{71D1232F-BFC8-4954-8811-D4242349C19D}.Release|x64.Build.0 = Release|Any CPU
		{71D1232F-BFC8-4954-8811-D4242349C19D}.Release|x86.ActiveCfg = Release|Any CPU
		{71D1232F-BFC8-4954-8811-D4242349C19D}.Release|x86.Build.0 = Release|Any CPU
		{223A2984-3D68-4EDA-A730-662B877E00D5}.Debug|Any CPU.ActiveCfg = Debug|Any CPU
		{223A2984-3D68-4EDA-A730-662B877E00D5}.Debug|Any CPU.Build.0 = Debug|Any CPU
		{223A2984-3D68-4EDA-A730-662B877E00D5}.Debug|x64.ActiveCfg = Debug|Any CPU
		{223A2984-3D68-4EDA-A730-662B877E00D5}.Debug|x64.Build.0 = Debug|Any CPU
		{223A2984-3D68-4EDA-A730-662B877E00D5}.Debug|x86.ActiveCfg = Debug|Any CPU
		{223A2984-3D68-4EDA-A730-662B877E00D5}.Debug|x86.Build.0 = Debug|Any CPU
		{223A2984-3D68-4EDA-A730-662B877E00D5}.Release|Any CPU.ActiveCfg = Release|Any CPU
		{223A2984-3D68-4EDA-A730-662B877E00D5}.Release|Any CPU.Build.0 = Release|Any CPU
		{223A2984-3D68-4EDA-A730-662B877E00D5}.Release|x64.ActiveCfg = Release|Any CPU
		{223A2984-3D68-4EDA-A730-662B877E00D5}.Release|x64.Build.0 = Release|Any CPU
		{223A2984-3D68-4EDA-A730-662B877E00D5}.Release|x86.ActiveCfg = Release|Any CPU
		{223A2984-3D68-4EDA-A730-662B877E00D5}.Release|x86.Build.0 = Release|Any CPU
		{81754111-C528-493E-BF13-B82C1C318CA3}.Debug|Any CPU.ActiveCfg = Debug|Any CPU
		{81754111-C528-493E-BF13-B82C1C318CA3}.Debug|Any CPU.Build.0 = Debug|Any CPU
		{81754111-C528-493E-BF13-B82C1C318CA3}.Debug|x64.ActiveCfg = Debug|Any CPU
		{81754111-C528-493E-BF13-B82C1C318CA3}.Debug|x64.Build.0 = Debug|Any CPU
		{81754111-C528-493E-BF13-B82C1C318CA3}.Debug|x86.ActiveCfg = Debug|Any CPU
		{81754111-C528-493E-BF13-B82C1C318CA3}.Debug|x86.Build.0 = Debug|Any CPU
		{81754111-C528-493E-BF13-B82C1C318CA3}.Release|Any CPU.ActiveCfg = Release|Any CPU
		{81754111-C528-493E-BF13-B82C1C318CA3}.Release|Any CPU.Build.0 = Release|Any CPU
		{81754111-C528-493E-BF13-B82C1C318CA3}.Release|x64.ActiveCfg = Release|Any CPU
		{81754111-C528-493E-BF13-B82C1C318CA3}.Release|x64.Build.0 = Release|Any CPU
		{81754111-C528-493E-BF13-B82C1C318CA3}.Release|x86.ActiveCfg = Release|Any CPU
		{81754111-C528-493E-BF13-B82C1C318CA3}.Release|x86.Build.0 = Release|Any CPU
		{E2114861-83A3-4838-8E36-1428C1B01A92}.Debug|Any CPU.ActiveCfg = Debug|Any CPU
		{E2114861-83A3-4838-8E36-1428C1B01A92}.Debug|Any CPU.Build.0 = Debug|Any CPU
		{E2114861-83A3-4838-8E36-1428C1B01A92}.Debug|x64.ActiveCfg = Debug|Any CPU
		{E2114861-83A3-4838-8E36-1428C1B01A92}.Debug|x64.Build.0 = Debug|Any CPU
		{E2114861-83A3-4838-8E36-1428C1B01A92}.Debug|x86.ActiveCfg = Debug|Any CPU
		{E2114861-83A3-4838-8E36-1428C1B01A92}.Debug|x86.Build.0 = Debug|Any CPU
		{E2114861-83A3-4838-8E36-1428C1B01A92}.Release|Any CPU.ActiveCfg = Release|Any CPU
		{E2114861-83A3-4838-8E36-1428C1B01A92}.Release|Any CPU.Build.0 = Release|Any CPU
		{E2114861-83A3-4838-8E36-1428C1B01A92}.Release|x64.ActiveCfg = Release|Any CPU
		{E2114861-83A3-4838-8E36-1428C1B01A92}.Release|x64.Build.0 = Release|Any CPU
		{E2114861-83A3-4838-8E36-1428C1B01A92}.Release|x86.ActiveCfg = Release|Any CPU
		{E2114861-83A3-4838-8E36-1428C1B01A92}.Release|x86.Build.0 = Release|Any CPU
		{1E81591F-841E-4CE3-8FA0-542E46CEC9C5}.Debug|Any CPU.ActiveCfg = Debug|Any CPU
		{1E81591F-841E-4CE3-8FA0-542E46CEC9C5}.Debug|Any CPU.Build.0 = Debug|Any CPU
		{1E81591F-841E-4CE3-8FA0-542E46CEC9C5}.Debug|x64.ActiveCfg = Debug|Any CPU
		{1E81591F-841E-4CE3-8FA0-542E46CEC9C5}.Debug|x64.Build.0 = Debug|Any CPU
		{1E81591F-841E-4CE3-8FA0-542E46CEC9C5}.Debug|x86.ActiveCfg = Debug|Any CPU
		{1E81591F-841E-4CE3-8FA0-542E46CEC9C5}.Debug|x86.Build.0 = Debug|Any CPU
		{1E81591F-841E-4CE3-8FA0-542E46CEC9C5}.Release|Any CPU.ActiveCfg = Release|Any CPU
		{1E81591F-841E-4CE3-8FA0-542E46CEC9C5}.Release|Any CPU.Build.0 = Release|Any CPU
		{1E81591F-841E-4CE3-8FA0-542E46CEC9C5}.Release|x64.ActiveCfg = Release|Any CPU
		{1E81591F-841E-4CE3-8FA0-542E46CEC9C5}.Release|x64.Build.0 = Release|Any CPU
		{1E81591F-841E-4CE3-8FA0-542E46CEC9C5}.Release|x86.ActiveCfg = Release|Any CPU
		{1E81591F-841E-4CE3-8FA0-542E46CEC9C5}.Release|x86.Build.0 = Release|Any CPU
		{C6E984B1-ABBE-4CE9-AD7E-7DB9B39E6773}.Debug|Any CPU.ActiveCfg = Debug|Any CPU
		{C6E984B1-ABBE-4CE9-AD7E-7DB9B39E6773}.Debug|Any CPU.Build.0 = Debug|Any CPU
		{C6E984B1-ABBE-4CE9-AD7E-7DB9B39E6773}.Debug|x64.ActiveCfg = Debug|Any CPU
		{C6E984B1-ABBE-4CE9-AD7E-7DB9B39E6773}.Debug|x64.Build.0 = Debug|Any CPU
		{C6E984B1-ABBE-4CE9-AD7E-7DB9B39E6773}.Debug|x86.ActiveCfg = Debug|Any CPU
		{C6E984B1-ABBE-4CE9-AD7E-7DB9B39E6773}.Debug|x86.Build.0 = Debug|Any CPU
		{C6E984B1-ABBE-4CE9-AD7E-7DB9B39E6773}.Release|Any CPU.ActiveCfg = Release|Any CPU
		{C6E984B1-ABBE-4CE9-AD7E-7DB9B39E6773}.Release|Any CPU.Build.0 = Release|Any CPU
		{C6E984B1-ABBE-4CE9-AD7E-7DB9B39E6773}.Release|x64.ActiveCfg = Release|Any CPU
		{C6E984B1-ABBE-4CE9-AD7E-7DB9B39E6773}.Release|x64.Build.0 = Release|Any CPU
		{C6E984B1-ABBE-4CE9-AD7E-7DB9B39E6773}.Release|x86.ActiveCfg = Release|Any CPU
		{C6E984B1-ABBE-4CE9-AD7E-7DB9B39E6773}.Release|x86.Build.0 = Release|Any CPU
		{19619551-95E8-4FE9-92F8-1E2B1DB3CA32}.Debug|Any CPU.ActiveCfg = Debug|Any CPU
		{19619551-95E8-4FE9-92F8-1E2B1DB3CA32}.Debug|Any CPU.Build.0 = Debug|Any CPU
		{19619551-95E8-4FE9-92F8-1E2B1DB3CA32}.Debug|x64.ActiveCfg = Debug|Any CPU
		{19619551-95E8-4FE9-92F8-1E2B1DB3CA32}.Debug|x64.Build.0 = Debug|Any CPU
		{19619551-95E8-4FE9-92F8-1E2B1DB3CA32}.Debug|x86.ActiveCfg = Debug|Any CPU
		{19619551-95E8-4FE9-92F8-1E2B1DB3CA32}.Debug|x86.Build.0 = Debug|Any CPU
		{19619551-95E8-4FE9-92F8-1E2B1DB3CA32}.Release|Any CPU.ActiveCfg = Release|Any CPU
		{19619551-95E8-4FE9-92F8-1E2B1DB3CA32}.Release|Any CPU.Build.0 = Release|Any CPU
		{19619551-95E8-4FE9-92F8-1E2B1DB3CA32}.Release|x64.ActiveCfg = Release|Any CPU
		{19619551-95E8-4FE9-92F8-1E2B1DB3CA32}.Release|x64.Build.0 = Release|Any CPU
		{19619551-95E8-4FE9-92F8-1E2B1DB3CA32}.Release|x86.ActiveCfg = Release|Any CPU
		{19619551-95E8-4FE9-92F8-1E2B1DB3CA32}.Release|x86.Build.0 = Release|Any CPU
		{6661D51D-7702-49CB-9C4E-BCBA5A3937BE}.Debug|Any CPU.ActiveCfg = Debug|Any CPU
		{6661D51D-7702-49CB-9C4E-BCBA5A3937BE}.Debug|Any CPU.Build.0 = Debug|Any CPU
		{6661D51D-7702-49CB-9C4E-BCBA5A3937BE}.Debug|x64.ActiveCfg = Debug|Any CPU
		{6661D51D-7702-49CB-9C4E-BCBA5A3937BE}.Debug|x64.Build.0 = Debug|Any CPU
		{6661D51D-7702-49CB-9C4E-BCBA5A3937BE}.Debug|x86.ActiveCfg = Debug|Any CPU
		{6661D51D-7702-49CB-9C4E-BCBA5A3937BE}.Debug|x86.Build.0 = Debug|Any CPU
		{6661D51D-7702-49CB-9C4E-BCBA5A3937BE}.Release|Any CPU.ActiveCfg = Release|Any CPU
		{6661D51D-7702-49CB-9C4E-BCBA5A3937BE}.Release|Any CPU.Build.0 = Release|Any CPU
		{6661D51D-7702-49CB-9C4E-BCBA5A3937BE}.Release|x64.ActiveCfg = Release|Any CPU
		{6661D51D-7702-49CB-9C4E-BCBA5A3937BE}.Release|x64.Build.0 = Release|Any CPU
		{6661D51D-7702-49CB-9C4E-BCBA5A3937BE}.Release|x86.ActiveCfg = Release|Any CPU
		{6661D51D-7702-49CB-9C4E-BCBA5A3937BE}.Release|x86.Build.0 = Release|Any CPU
		{C1F0FE48-3EE2-4C0F-9007-9AE863DE07C0}.Debug|Any CPU.ActiveCfg = Debug|Any CPU
		{C1F0FE48-3EE2-4C0F-9007-9AE863DE07C0}.Debug|Any CPU.Build.0 = Debug|Any CPU
		{C1F0FE48-3EE2-4C0F-9007-9AE863DE07C0}.Debug|x64.ActiveCfg = Debug|Any CPU
		{C1F0FE48-3EE2-4C0F-9007-9AE863DE07C0}.Debug|x64.Build.0 = Debug|Any CPU
		{C1F0FE48-3EE2-4C0F-9007-9AE863DE07C0}.Debug|x86.ActiveCfg = Debug|Any CPU
		{C1F0FE48-3EE2-4C0F-9007-9AE863DE07C0}.Debug|x86.Build.0 = Debug|Any CPU
		{C1F0FE48-3EE2-4C0F-9007-9AE863DE07C0}.Release|Any CPU.ActiveCfg = Release|Any CPU
		{C1F0FE48-3EE2-4C0F-9007-9AE863DE07C0}.Release|Any CPU.Build.0 = Release|Any CPU
		{C1F0FE48-3EE2-4C0F-9007-9AE863DE07C0}.Release|x64.ActiveCfg = Release|Any CPU
		{C1F0FE48-3EE2-4C0F-9007-9AE863DE07C0}.Release|x64.Build.0 = Release|Any CPU
		{C1F0FE48-3EE2-4C0F-9007-9AE863DE07C0}.Release|x86.ActiveCfg = Release|Any CPU
		{C1F0FE48-3EE2-4C0F-9007-9AE863DE07C0}.Release|x86.Build.0 = Release|Any CPU
		{31E6EE10-7D51-4A18-8BB3-18075C80EAAE}.Debug|Any CPU.ActiveCfg = Debug|Any CPU
		{31E6EE10-7D51-4A18-8BB3-18075C80EAAE}.Debug|Any CPU.Build.0 = Debug|Any CPU
		{31E6EE10-7D51-4A18-8BB3-18075C80EAAE}.Debug|x64.ActiveCfg = Debug|Any CPU
		{31E6EE10-7D51-4A18-8BB3-18075C80EAAE}.Debug|x64.Build.0 = Debug|Any CPU
		{31E6EE10-7D51-4A18-8BB3-18075C80EAAE}.Debug|x86.ActiveCfg = Debug|Any CPU
		{31E6EE10-7D51-4A18-8BB3-18075C80EAAE}.Debug|x86.Build.0 = Debug|Any CPU
		{31E6EE10-7D51-4A18-8BB3-18075C80EAAE}.Release|Any CPU.ActiveCfg = Release|Any CPU
		{31E6EE10-7D51-4A18-8BB3-18075C80EAAE}.Release|Any CPU.Build.0 = Release|Any CPU
		{31E6EE10-7D51-4A18-8BB3-18075C80EAAE}.Release|x64.ActiveCfg = Release|Any CPU
		{31E6EE10-7D51-4A18-8BB3-18075C80EAAE}.Release|x64.Build.0 = Release|Any CPU
		{31E6EE10-7D51-4A18-8BB3-18075C80EAAE}.Release|x86.ActiveCfg = Release|Any CPU
		{31E6EE10-7D51-4A18-8BB3-18075C80EAAE}.Release|x86.Build.0 = Release|Any CPU
		{96A12366-59E8-4D34-8C01-80809208BED9}.Debug|Any CPU.ActiveCfg = Debug|Any CPU
		{96A12366-59E8-4D34-8C01-80809208BED9}.Debug|Any CPU.Build.0 = Debug|Any CPU
		{96A12366-59E8-4D34-8C01-80809208BED9}.Debug|x64.ActiveCfg = Debug|Any CPU
		{96A12366-59E8-4D34-8C01-80809208BED9}.Debug|x64.Build.0 = Debug|Any CPU
		{96A12366-59E8-4D34-8C01-80809208BED9}.Debug|x86.ActiveCfg = Debug|Any CPU
		{96A12366-59E8-4D34-8C01-80809208BED9}.Debug|x86.Build.0 = Debug|Any CPU
		{96A12366-59E8-4D34-8C01-80809208BED9}.Release|Any CPU.ActiveCfg = Release|Any CPU
		{96A12366-59E8-4D34-8C01-80809208BED9}.Release|Any CPU.Build.0 = Release|Any CPU
		{96A12366-59E8-4D34-8C01-80809208BED9}.Release|x64.ActiveCfg = Release|Any CPU
		{96A12366-59E8-4D34-8C01-80809208BED9}.Release|x64.Build.0 = Release|Any CPU
		{96A12366-59E8-4D34-8C01-80809208BED9}.Release|x86.ActiveCfg = Release|Any CPU
		{96A12366-59E8-4D34-8C01-80809208BED9}.Release|x86.Build.0 = Release|Any CPU
		{3CC7B026-3FE3-4783-A107-62248EC4E4E8}.Debug|Any CPU.ActiveCfg = Debug|Any CPU
		{3CC7B026-3FE3-4783-A107-62248EC4E4E8}.Debug|Any CPU.Build.0 = Debug|Any CPU
		{3CC7B026-3FE3-4783-A107-62248EC4E4E8}.Debug|x64.ActiveCfg = Debug|Any CPU
		{3CC7B026-3FE3-4783-A107-62248EC4E4E8}.Debug|x64.Build.0 = Debug|Any CPU
		{3CC7B026-3FE3-4783-A107-62248EC4E4E8}.Debug|x86.ActiveCfg = Debug|Any CPU
		{3CC7B026-3FE3-4783-A107-62248EC4E4E8}.Debug|x86.Build.0 = Debug|Any CPU
		{3CC7B026-3FE3-4783-A107-62248EC4E4E8}.Release|Any CPU.ActiveCfg = Release|Any CPU
		{3CC7B026-3FE3-4783-A107-62248EC4E4E8}.Release|Any CPU.Build.0 = Release|Any CPU
		{3CC7B026-3FE3-4783-A107-62248EC4E4E8}.Release|x64.ActiveCfg = Release|Any CPU
		{3CC7B026-3FE3-4783-A107-62248EC4E4E8}.Release|x64.Build.0 = Release|Any CPU
		{3CC7B026-3FE3-4783-A107-62248EC4E4E8}.Release|x86.ActiveCfg = Release|Any CPU
		{3CC7B026-3FE3-4783-A107-62248EC4E4E8}.Release|x86.Build.0 = Release|Any CPU
		{EB00B69F-7E23-4E2A-9D3C-FDE82AE725C4}.Debug|Any CPU.ActiveCfg = Debug|Any CPU
		{EB00B69F-7E23-4E2A-9D3C-FDE82AE725C4}.Debug|Any CPU.Build.0 = Debug|Any CPU
		{EB00B69F-7E23-4E2A-9D3C-FDE82AE725C4}.Debug|x64.ActiveCfg = Debug|Any CPU
		{EB00B69F-7E23-4E2A-9D3C-FDE82AE725C4}.Debug|x64.Build.0 = Debug|Any CPU
		{EB00B69F-7E23-4E2A-9D3C-FDE82AE725C4}.Debug|x86.ActiveCfg = Debug|Any CPU
		{EB00B69F-7E23-4E2A-9D3C-FDE82AE725C4}.Debug|x86.Build.0 = Debug|Any CPU
		{EB00B69F-7E23-4E2A-9D3C-FDE82AE725C4}.Release|Any CPU.ActiveCfg = Release|Any CPU
		{EB00B69F-7E23-4E2A-9D3C-FDE82AE725C4}.Release|Any CPU.Build.0 = Release|Any CPU
		{EB00B69F-7E23-4E2A-9D3C-FDE82AE725C4}.Release|x64.ActiveCfg = Release|Any CPU
		{EB00B69F-7E23-4E2A-9D3C-FDE82AE725C4}.Release|x64.Build.0 = Release|Any CPU
		{EB00B69F-7E23-4E2A-9D3C-FDE82AE725C4}.Release|x86.ActiveCfg = Release|Any CPU
		{EB00B69F-7E23-4E2A-9D3C-FDE82AE725C4}.Release|x86.Build.0 = Release|Any CPU
		{EE9AA89C-C541-4B9E-8EC2-50ABEB25D268}.Debug|Any CPU.ActiveCfg = Debug|Any CPU
		{EE9AA89C-C541-4B9E-8EC2-50ABEB25D268}.Debug|Any CPU.Build.0 = Debug|Any CPU
		{EE9AA89C-C541-4B9E-8EC2-50ABEB25D268}.Debug|x64.ActiveCfg = Debug|Any CPU
		{EE9AA89C-C541-4B9E-8EC2-50ABEB25D268}.Debug|x64.Build.0 = Debug|Any CPU
		{EE9AA89C-C541-4B9E-8EC2-50ABEB25D268}.Debug|x86.ActiveCfg = Debug|Any CPU
		{EE9AA89C-C541-4B9E-8EC2-50ABEB25D268}.Debug|x86.Build.0 = Debug|Any CPU
		{EE9AA89C-C541-4B9E-8EC2-50ABEB25D268}.Release|Any CPU.ActiveCfg = Release|Any CPU
		{EE9AA89C-C541-4B9E-8EC2-50ABEB25D268}.Release|Any CPU.Build.0 = Release|Any CPU
		{EE9AA89C-C541-4B9E-8EC2-50ABEB25D268}.Release|x64.ActiveCfg = Release|Any CPU
		{EE9AA89C-C541-4B9E-8EC2-50ABEB25D268}.Release|x64.Build.0 = Release|Any CPU
		{EE9AA89C-C541-4B9E-8EC2-50ABEB25D268}.Release|x86.ActiveCfg = Release|Any CPU
		{EE9AA89C-C541-4B9E-8EC2-50ABEB25D268}.Release|x86.Build.0 = Release|Any CPU
		{CD6595F9-F0AB-4C16-A3A9-29D178FFC06A}.Debug|Any CPU.ActiveCfg = Debug|Any CPU
		{CD6595F9-F0AB-4C16-A3A9-29D178FFC06A}.Debug|Any CPU.Build.0 = Debug|Any CPU
		{CD6595F9-F0AB-4C16-A3A9-29D178FFC06A}.Debug|x64.ActiveCfg = Debug|Any CPU
		{CD6595F9-F0AB-4C16-A3A9-29D178FFC06A}.Debug|x64.Build.0 = Debug|Any CPU
		{CD6595F9-F0AB-4C16-A3A9-29D178FFC06A}.Debug|x86.ActiveCfg = Debug|Any CPU
		{CD6595F9-F0AB-4C16-A3A9-29D178FFC06A}.Debug|x86.Build.0 = Debug|Any CPU
		{CD6595F9-F0AB-4C16-A3A9-29D178FFC06A}.Release|Any CPU.ActiveCfg = Release|Any CPU
		{CD6595F9-F0AB-4C16-A3A9-29D178FFC06A}.Release|Any CPU.Build.0 = Release|Any CPU
		{CD6595F9-F0AB-4C16-A3A9-29D178FFC06A}.Release|x64.ActiveCfg = Release|Any CPU
		{CD6595F9-F0AB-4C16-A3A9-29D178FFC06A}.Release|x64.Build.0 = Release|Any CPU
		{CD6595F9-F0AB-4C16-A3A9-29D178FFC06A}.Release|x86.ActiveCfg = Release|Any CPU
		{CD6595F9-F0AB-4C16-A3A9-29D178FFC06A}.Release|x86.Build.0 = Release|Any CPU
		{E427775D-F04F-4314-9771-2FE435DF530C}.Debug|Any CPU.ActiveCfg = Debug|Any CPU
		{E427775D-F04F-4314-9771-2FE435DF530C}.Debug|Any CPU.Build.0 = Debug|Any CPU
		{E427775D-F04F-4314-9771-2FE435DF530C}.Debug|x64.ActiveCfg = Debug|Any CPU
		{E427775D-F04F-4314-9771-2FE435DF530C}.Debug|x64.Build.0 = Debug|Any CPU
		{E427775D-F04F-4314-9771-2FE435DF530C}.Debug|x86.ActiveCfg = Debug|Any CPU
		{E427775D-F04F-4314-9771-2FE435DF530C}.Debug|x86.Build.0 = Debug|Any CPU
		{E427775D-F04F-4314-9771-2FE435DF530C}.Release|Any CPU.ActiveCfg = Release|Any CPU
		{E427775D-F04F-4314-9771-2FE435DF530C}.Release|Any CPU.Build.0 = Release|Any CPU
		{E427775D-F04F-4314-9771-2FE435DF530C}.Release|x64.ActiveCfg = Release|Any CPU
		{E427775D-F04F-4314-9771-2FE435DF530C}.Release|x64.Build.0 = Release|Any CPU
		{E427775D-F04F-4314-9771-2FE435DF530C}.Release|x86.ActiveCfg = Release|Any CPU
		{E427775D-F04F-4314-9771-2FE435DF530C}.Release|x86.Build.0 = Release|Any CPU
		{BEBB336B-A378-428D-9669-54590F17B2A7}.Debug|Any CPU.ActiveCfg = Debug|Any CPU
		{BEBB336B-A378-428D-9669-54590F17B2A7}.Debug|Any CPU.Build.0 = Debug|Any CPU
		{BEBB336B-A378-428D-9669-54590F17B2A7}.Debug|x64.ActiveCfg = Debug|Any CPU
		{BEBB336B-A378-428D-9669-54590F17B2A7}.Debug|x64.Build.0 = Debug|Any CPU
		{BEBB336B-A378-428D-9669-54590F17B2A7}.Debug|x86.ActiveCfg = Debug|Any CPU
		{BEBB336B-A378-428D-9669-54590F17B2A7}.Debug|x86.Build.0 = Debug|Any CPU
		{BEBB336B-A378-428D-9669-54590F17B2A7}.Release|Any CPU.ActiveCfg = Release|Any CPU
		{BEBB336B-A378-428D-9669-54590F17B2A7}.Release|Any CPU.Build.0 = Release|Any CPU
		{BEBB336B-A378-428D-9669-54590F17B2A7}.Release|x64.ActiveCfg = Release|Any CPU
		{BEBB336B-A378-428D-9669-54590F17B2A7}.Release|x64.Build.0 = Release|Any CPU
		{BEBB336B-A378-428D-9669-54590F17B2A7}.Release|x86.ActiveCfg = Release|Any CPU
		{BEBB336B-A378-428D-9669-54590F17B2A7}.Release|x86.Build.0 = Release|Any CPU
		{6EF29448-80EA-4AF9-8071-6E6FF61DF538}.Debug|Any CPU.ActiveCfg = Debug|Any CPU
		{6EF29448-80EA-4AF9-8071-6E6FF61DF538}.Debug|Any CPU.Build.0 = Debug|Any CPU
		{6EF29448-80EA-4AF9-8071-6E6FF61DF538}.Debug|x64.ActiveCfg = Debug|Any CPU
		{6EF29448-80EA-4AF9-8071-6E6FF61DF538}.Debug|x64.Build.0 = Debug|Any CPU
		{6EF29448-80EA-4AF9-8071-6E6FF61DF538}.Debug|x86.ActiveCfg = Debug|Any CPU
		{6EF29448-80EA-4AF9-8071-6E6FF61DF538}.Debug|x86.Build.0 = Debug|Any CPU
		{6EF29448-80EA-4AF9-8071-6E6FF61DF538}.Release|Any CPU.ActiveCfg = Release|Any CPU
		{6EF29448-80EA-4AF9-8071-6E6FF61DF538}.Release|Any CPU.Build.0 = Release|Any CPU
		{6EF29448-80EA-4AF9-8071-6E6FF61DF538}.Release|x64.ActiveCfg = Release|Any CPU
		{6EF29448-80EA-4AF9-8071-6E6FF61DF538}.Release|x64.Build.0 = Release|Any CPU
		{6EF29448-80EA-4AF9-8071-6E6FF61DF538}.Release|x86.ActiveCfg = Release|Any CPU
		{6EF29448-80EA-4AF9-8071-6E6FF61DF538}.Release|x86.Build.0 = Release|Any CPU
		{68F80A15-A193-40E1-946E-74035B9EBB29}.Debug|Any CPU.ActiveCfg = Debug|Any CPU
		{68F80A15-A193-40E1-946E-74035B9EBB29}.Debug|Any CPU.Build.0 = Debug|Any CPU
		{68F80A15-A193-40E1-946E-74035B9EBB29}.Debug|x64.ActiveCfg = Debug|Any CPU
		{68F80A15-A193-40E1-946E-74035B9EBB29}.Debug|x64.Build.0 = Debug|Any CPU
		{68F80A15-A193-40E1-946E-74035B9EBB29}.Debug|x86.ActiveCfg = Debug|Any CPU
		{68F80A15-A193-40E1-946E-74035B9EBB29}.Debug|x86.Build.0 = Debug|Any CPU
		{68F80A15-A193-40E1-946E-74035B9EBB29}.Release|Any CPU.ActiveCfg = Release|Any CPU
		{68F80A15-A193-40E1-946E-74035B9EBB29}.Release|Any CPU.Build.0 = Release|Any CPU
		{68F80A15-A193-40E1-946E-74035B9EBB29}.Release|x64.ActiveCfg = Release|Any CPU
		{68F80A15-A193-40E1-946E-74035B9EBB29}.Release|x64.Build.0 = Release|Any CPU
		{68F80A15-A193-40E1-946E-74035B9EBB29}.Release|x86.ActiveCfg = Release|Any CPU
		{68F80A15-A193-40E1-946E-74035B9EBB29}.Release|x86.Build.0 = Release|Any CPU
	EndGlobalSection
	GlobalSection(SolutionProperties) = preSolution
		HideSolutionNode = FALSE
	EndGlobalSection
	GlobalSection(NestedProjects) = preSolution
		{B3EF65AD-2707-41F3-964B-8A24F8B95F90} = {827E0CD3-B72D-47B6-A68D-7590B98EB39B}
		{A5D1C9F2-8D3E-4A6B-9C1F-7E8F4B2A3D5E} = {827E0CD3-B72D-47B6-A68D-7590B98EB39B}
		{CF14B9C3-F650-476A-8E0C-6CA2D1B326CE} = {827E0CD3-B72D-47B6-A68D-7590B98EB39B}
		{0E9B833D-01E7-4580-A054-F96165205044} = {827E0CD3-B72D-47B6-A68D-7590B98EB39B}
		{71D1232F-BFC8-4954-8811-D4242349C19D} = {0AB3BF05-4346-4AA6-1389-037BE0695223}
		{B7F2D4E1-9A3C-4F8B-8E7D-6C5B4A3F2E1D} = {0AB3BF05-4346-4AA6-1389-037BE0695223}
		{223A2984-3D68-4EDA-A730-662B877E00D5} = {0AB3BF05-4346-4AA6-1389-037BE0695223}
		{81754111-C528-493E-BF13-B82C1C318CA3} = {0AB3BF05-4346-4AA6-1389-037BE0695223}
		{E2114861-83A3-4838-8E36-1428C1B01A92} = {827E0CD3-B72D-47B6-A68D-7590B98EB39B}
		{1E81591F-841E-4CE3-8FA0-542E46CEC9C5} = {0AB3BF05-4346-4AA6-1389-037BE0695223}
		{C6E984B1-ABBE-4CE9-AD7E-7DB9B39E6773} = {827E0CD3-B72D-47B6-A68D-7590B98EB39B}
		{19619551-95E8-4FE9-92F8-1E2B1DB3CA32} = {0AB3BF05-4346-4AA6-1389-037BE0695223}
		{6661D51D-7702-49CB-9C4E-BCBA5A3937BE} = {827E0CD3-B72D-47B6-A68D-7590B98EB39B}
		{C1F0FE48-3EE2-4C0F-9007-9AE863DE07C0} = {0AB3BF05-4346-4AA6-1389-037BE0695223}
		{31E6EE10-7D51-4A18-8BB3-18075C80EAAE} = {827E0CD3-B72D-47B6-A68D-7590B98EB39B}
		{96A12366-59E8-4D34-8C01-80809208BED9} = {0AB3BF05-4346-4AA6-1389-037BE0695223}
		{3CC7B026-3FE3-4783-A107-62248EC4E4E8} = {827E0CD3-B72D-47B6-A68D-7590B98EB39B}
		{EB00B69F-7E23-4E2A-9D3C-FDE82AE725C4} = {0AB3BF05-4346-4AA6-1389-037BE0695223}
		{EE9AA89C-C541-4B9E-8EC2-50ABEB25D268} = {827E0CD3-B72D-47B6-A68D-7590B98EB39B}
		{CD6595F9-F0AB-4C16-A3A9-29D178FFC06A} = {0AB3BF05-4346-4AA6-1389-037BE0695223}
		{E427775D-F04F-4314-9771-2FE435DF530C} = {827E0CD3-B72D-47B6-A68D-7590B98EB39B}
		{BEBB336B-A378-428D-9669-54590F17B2A7} = {0AB3BF05-4346-4AA6-1389-037BE0695223}
		{6EF29448-80EA-4AF9-8071-6E6FF61DF538} = {827E0CD3-B72D-47B6-A68D-7590B98EB39B}
		{68F80A15-A193-40E1-946E-74035B9EBB29} = {827E0CD3-B72D-47B6-A68D-7590B98EB39B}
	EndGlobalSection
EndGlobal
