
Microsoft Visual Studio Solution File, Format Version 12.00
# Visual Studio Version 17
VisualStudioVersion = 17.0.31903.59
MinimumVisualStudioVersion = 10.0.40219.1
Project("{2150E333-8FDC-42A3-9474-1A3956D46DE8}") = "src", "src", "{827E0CD3-B72D-47B6-A68D-7590B98EB39B}"
EndProject
Project("{FAE04EC0-301F-11D3-BF4B-00C04F79EFBC}") = "bashGPT.Core", "src\bashGPT.Core\bashGPT.Core.csproj", "{B3EF65AD-2707-41F3-964B-8A24F8B95F90}"
EndProject
Project("{FAE04EC0-301F-11D3-BF4B-00C04F79EFBC}") = "bashGPT.Agents", "src\bashGPT.Agents\bashGPT.Agents.csproj", "{A5D1C9F2-8D3E-4A6B-9C1F-7E8F4B2A3D5E}"
EndProject
Project("{FAE04EC0-301F-11D3-BF4B-00C04F79EFBC}") = "bashGPT.Cli", "src\bashGPT.Cli\bashGPT.Cli.csproj", "{CF14B9C3-F650-476A-8E0C-6CA2D1B326CE}"
EndProject
Project("{FAE04EC0-301F-11D3-BF4B-00C04F79EFBC}") = "bashGPT.Server", "src\bashGPT.Server\bashGPT.Server.csproj", "{0E9B833D-01E7-4580-A054-F96165205044}"
EndProject
Project("{2150E333-8FDC-42A3-9474-1A3956D46DE8}") = "tests", "tests", "{0AB3BF05-4346-4AA6-1389-037BE0695223}"
EndProject
Project("{FAE04EC0-301F-11D3-BF4B-00C04F79EFBC}") = "bashGPT.Core.Tests", "tests\bashGPT.Core.Tests\bashGPT.Core.Tests.csproj", "{71D1232F-BFC8-4954-8811-D4242349C19D}"
EndProject
Project("{FAE04EC0-301F-11D3-BF4B-00C04F79EFBC}") = "bashGPT.Agents.Tests", "tests\bashGPT.Agents.Tests\bashGPT.Agents.Tests.csproj", "{B7F2D4E1-9A3C-4F8B-8E7D-6C5B4A3F2E1D}"
EndProject
Project("{FAE04EC0-301F-11D3-BF4B-00C04F79EFBC}") = "bashGPT.Cli.Tests", "tests\bashGPT.Cli.Tests\bashGPT.Cli.Tests.csproj", "{223A2984-3D68-4EDA-A730-662B877E00D5}"
EndProject
Project("{FAE04EC0-301F-11D3-BF4B-00C04F79EFBC}") = "bashGPT.Server.Tests", "tests\bashGPT.Server.Tests\bashGPT.Server.Tests.csproj", "{81754111-C528-493E-BF13-B82C1C318CA3}"
EndProject
Global
	GlobalSection(SolutionConfigurationPlatforms) = preSolution
		Debug|Any CPU = Debug|Any CPU
		Debug|x64 = Debug|x64
		Debug|x86 = Debug|x86
		Release|Any CPU = Release|Any CPU
		Release|x64 = Release|x64
		Release|x86 = Release|x86
	EndGlobalSection
	GlobalSection(ProjectConfigurationPlatforms) = postSolution
		{B3EF65AD-2707-41F3-964B-8A24F8B95F90}.Debug|Any CPU.ActiveCfg = Debug|Any CPU
		{B3EF65AD-2707-41F3-964B-8A24F8B95F90}.Debug|Any CPU.Build.0 = Debug|Any CPU
		{B3EF65AD-2707-41F3-964B-8A24F8B95F90}.Debug|x64.ActiveCfg = Debug|Any CPU
		{B3EF65AD-2707-41F3-964B-8A24F8B95F90}.Debug|x64.Build.0 = Debug|Any CPU
		{B3EF65AD-2707-41F3-964B-8A24F8B95F90}.Debug|x86.ActiveCfg = Debug|Any CPU
		{B3EF65AD-2707-41F3-964B-8A24F8B95F90}.Debug|x86.Build.0 = Debug|Any CPU
		{B3EF65AD-2707-41F3-964B-8A24F8B95F90}.Release|Any CPU.ActiveCfg = Release|Any CPU
		{B3EF65AD-2707-41F3-964B-8A24F8B95F90}.Release|Any CPU.Build.0 = Release|Any CPU
		{B3EF65AD-2707-41F3-964B-8A24F8B95F90}.Release|x64.ActiveCfg = Release|Any CPU
		{B3EF65AD-2707-41F3-964B-8A24F8B95F90}.Release|x64.Build.0 = Release|Any CPU
		{B3EF65AD-2707-41F3-964B-8A24F8B95F90}.Release|x86.ActiveCfg = Release|Any CPU
		{B3EF65AD-2707-41F3-964B-8A24F8B95F90}.Release|x86.Build.0 = Release|Any CPU
		{CF14B9C3-F650-476A-8E0C-6CA2D1B326CE}.Debug|Any CPU.ActiveCfg = Debug|Any CPU
		{CF14B9C3-F650-476A-8E0C-6CA2D1B326CE}.Debug|Any CPU.Build.0 = Debug|Any CPU
		{CF14B9C3-F650-476A-8E0C-6CA2D1B326CE}.Debug|x64.ActiveCfg = Debug|Any CPU
		{CF14B9C3-F650-476A-8E0C-6CA2D1B326CE}.Debug|x64.Build.0 = Debug|Any CPU
		{CF14B9C3-F650-476A-8E0C-6CA2D1B326CE}.Debug|x86.ActiveCfg = Debug|Any CPU
		{CF14B9C3-F650-476A-8E0C-6CA2D1B326CE}.Debug|x86.Build.0 = Debug|Any CPU
		{CF14B9C3-F650-476A-8E0C-6CA2D1B326CE}.Release|Any CPU.ActiveCfg = Release|Any CPU
		{CF14B9C3-F650-476A-8E0C-6CA2D1B326CE}.Release|Any CPU.Build.0 = Release|Any CPU
		{CF14B9C3-F650-476A-8E0C-6CA2D1B326CE}.Release|x64.ActiveCfg = Release|Any CPU
		{CF14B9C3-F650-476A-8E0C-6CA2D1B326CE}.Release|x64.Build.0 = Release|Any CPU
		{CF14B9C3-F650-476A-8E0C-6CA2D1B326CE}.Release|x86.ActiveCfg = Release|Any CPU
		{CF14B9C3-F650-476A-8E0C-6CA2D1B326CE}.Release|x86.Build.0 = Release|Any CPU
		{0E9B833D-01E7-4580-A054-F96165205044}.Debug|Any CPU.ActiveCfg = Debug|Any CPU
		{0E9B833D-01E7-4580-A054-F96165205044}.Debug|Any CPU.Build.0 = Debug|Any CPU
		{0E9B833D-01E7-4580-A054-F96165205044}.Debug|x64.ActiveCfg = Debug|Any CPU
		{0E9B833D-01E7-4580-A054-F96165205044}.Debug|x64.Build.0 = Debug|Any CPU
		{0E9B833D-01E7-4580-A054-F96165205044}.Debug|x86.ActiveCfg = Debug|Any CPU
		{0E9B833D-01E7-4580-A054-F96165205044}.Debug|x86.Build.0 = Debug|Any CPU
		{0E9B833D-01E7-4580-A054-F96165205044}.Release|Any CPU.ActiveCfg = Release|Any CPU
		{0E9B833D-01E7-4580-A054-F96165205044}.Release|Any CPU.Build.0 = Release|Any CPU
		{0E9B833D-01E7-4580-A054-F96165205044}.Release|x64.ActiveCfg = Release|Any CPU
		{0E9B833D-01E7-4580-A054-F96165205044}.Release|x64.Build.0 = Release|Any CPU
		{0E9B833D-01E7-4580-A054-F96165205044}.Release|x86.ActiveCfg = Release|Any CPU
		{0E9B833D-01E7-4580-A054-F96165205044}.Release|x86.Build.0 = Release|Any CPU
		{71D1232F-BFC8-4954-8811-D4242349C19D}.Debug|Any CPU.ActiveCfg = Debug|Any CPU
		{71D1232F-BFC8-4954-8811-D4242349C19D}.Debug|Any CPU.Build.0 = Debug|Any CPU
		{71D1232F-BFC8-4954-8811-D4242349C19D}.Debug|x64.ActiveCfg = Debug|Any CPU
		{71D1232F-BFC8-4954-8811-D4242349C19D}.Debug|x64.Build.0 = Debug|Any CPU
		{71D1232F-BFC8-4954-8811-D4242349C19D}.Debug|x86.ActiveCfg = Debug|Any CPU
		{71D1232F-BFC8-4954-8811-D4242349C19D}.Debug|x86.Build.0 = Debug|Any CPU
		{71D1232F-BFC8-4954-8811-D4242349C19D}.Release|Any CPU.ActiveCfg = Release|Any CPU
		{71D1232F-BFC8-4954-8811-D4242349C19D}.Release|Any CPU.Build.0 = Release|Any CPU
		{71D1232F-BFC8-4954-8811-D4242349C19D}.Release|x64.ActiveCfg = Release|Any CPU
		{71D1232F-BFC8-4954-8811-D4242349C19D}.Release|x64.Build.0 = Release|Any CPU
		{71D1232F-BFC8-4954-8811-D4242349C19D}.Release|x86.ActiveCfg = Release|Any CPU
		{71D1232F-BFC8-4954-8811-D4242349C19D}.Release|x86.Build.0 = Release|Any CPU
		{223A2984-3D68-4EDA-A730-662B877E00D5}.Debug|Any CPU.ActiveCfg = Debug|Any CPU
		{223A2984-3D68-4EDA-A730-662B877E00D5}.Debug|Any CPU.Build.0 = Debug|Any CPU
		{223A2984-3D68-4EDA-A730-662B877E00D5}.Debug|x64.ActiveCfg = Debug|Any CPU
		{223A2984-3D68-4EDA-A730-662B877E00D5}.Debug|x64.Build.0 = Debug|Any CPU
		{223A2984-3D68-4EDA-A730-662B877E00D5}.Debug|x86.ActiveCfg = Debug|Any CPU
		{223A2984-3D68-4EDA-A730-662B877E00D5}.Debug|x86.Build.0 = Debug|Any CPU
		{223A2984-3D68-4EDA-A730-662B877E00D5}.Release|Any CPU.ActiveCfg = Release|Any CPU
		{223A2984-3D68-4EDA-A730-662B877E00D5}.Release|Any CPU.Build.0 = Release|Any CPU
		{223A2984-3D68-4EDA-A730-662B877E00D5}.Release|x64.ActiveCfg = Release|Any CPU
		{223A2984-3D68-4EDA-A730-662B877E00D5}.Release|x64.Build.0 = Release|Any CPU
		{223A2984-3D68-4EDA-A730-662B877E00D5}.Release|x86.ActiveCfg = Release|Any CPU
		{223A2984-3D68-4EDA-A730-662B877E00D5}.Release|x86.Build.0 = Release|Any CPU
		{81754111-C528-493E-BF13-B82C1C318CA3}.Debug|Any CPU.ActiveCfg = Debug|Any CPU
		{81754111-C528-493E-BF13-B82C1C318CA3}.Debug|Any CPU.Build.0 = Debug|Any CPU
		{81754111-C528-493E-BF13-B82C1C318CA3}.Debug|x64.ActiveCfg = Debug|Any CPU
		{81754111-C528-493E-BF13-B82C1C318CA3}.Debug|x64.Build.0 = Debug|Any CPU
		{81754111-C528-493E-BF13-B82C1C318CA3}.Debug|x86.ActiveCfg = Debug|Any CPU
		{81754111-C528-493E-BF13-B82C1C318CA3}.Debug|x86.Build.0 = Debug|Any CPU
		{81754111-C528-493E-BF13-B82C1C318CA3}.Release|Any CPU.ActiveCfg = Release|Any CPU
		{81754111-C528-493E-BF13-B82C1C318CA3}.Release|Any CPU.Build.0 = Release|Any CPU
		{81754111-C528-493E-BF13-B82C1C318CA3}.Release|x64.ActiveCfg = Release|Any CPU
		{81754111-C528-493E-BF13-B82C1C318CA3}.Release|x64.Build.0 = Release|Any CPU
		{81754111-C528-493E-BF13-B82C1C318CA3}.Release|x86.ActiveCfg = Release|Any CPU
		{81754111-C528-493E-BF13-B82C1C318CA3}.Release|x86.Build.0 = Release|Any CPU
	EndGlobalSection
	GlobalSection(SolutionProperties) = preSolution
		HideSolutionNode = FALSE
	EndGlobalSection
	GlobalSection(NestedProjects) = preSolution
		{B3EF65AD-2707-41F3-964B-8A24F8B95F90} = {827E0CD3-B72D-47B6-A68D-7590B98EB39B}
		{A5D1C9F2-8D3E-4A6B-9C1F-7E8F4B2A3D5E} = {827E0CD3-B72D-47B6-A68D-7590B98EB39B}
		{CF14B9C3-F650-476A-8E0C-6CA2D1B326CE} = {827E0CD3-B72D-47B6-A68D-7590B98EB39B}
		{0E9B833D-01E7-4580-A054-F96165205044} = {827E0CD3-B72D-47B6-A68D-7590B98EB39B}
		{71D1232F-BFC8-4954-8811-D4242349C19D} = {0AB3BF05-4346-4AA6-1389-037BE0695223}
		{B7F2D4E1-9A3C-4F8B-8E7D-6C5B4A3F2E1D} = {0AB3BF05-4346-4AA6-1389-037BE0695223}
		{223A2984-3D68-4EDA-A730-662B877E00D5} = {0AB3BF05-4346-4AA6-1389-037BE0695223}
		{81754111-C528-493E-BF13-B82C1C318CA3} = {0AB3BF05-4346-4AA6-1389-037BE0695223}
	EndGlobalSection
EndGlobal
